Microsoft Visual Studio Solution File, Format Version 8.00
Project("{8BC9CEB8-8B4A-11D0-8D11-00A0C91BC942}") = "mylittle", "mylittle.vcproj", "{D86C6E84-3371-4B20-8620-A703FF3F2CC5}"
	ProjectSection(ProjectDependencies) = postProject
	EndProjectSection
EndProject
Global
	GlobalSection(SolutionConfiguration) = preSolution
		Debug = Debug
		Release = Release
	EndGlobalSection
	GlobalSection(ProjectDependencies) = postSolution
	EndGlobalSection
	GlobalSection(ProjectConfiguration) = postSolution
		{D86C6E84-3371-4B20-8620-A703FF3F2CC5}.Debug.ActiveCfg = Debug|Win32
		{D86C6E84-3371-4B20-8620-A703FF3F2CC5}.Debug.Build.0 = Debug|Win32
		{D86C6E84-3371-4B20-8620-A703FF3F2CC5}.Release.ActiveCfg = Release|Win32
		{D86C6E84-3371-4B20-8620-A703FF3F2CC5}.Release.Build.0 = Release|Win32
	EndGlobalSection
	GlobalSection(ExtensibilityGlobals) = postSolution
	EndGlobalSection
	GlobalSection(ExtensibilityAddIns) = postSolution
	EndGlobalSection
EndGlobal
